
Microsoft Visual Studio Solution File, Format Version 12.00
# Visual Studio Version 17
VisualStudioVersion = 17.1.32210.238
MinimumVisualStudioVersion = 10.0.40219.1
Project("{8BC9CEB8-8B4A-11D0-8D11-00A0C91BC942}") = "PP01", "PP01\PP01.vcxproj", "{DFCC6D57-1BA1-47AF-92AA-2590761B694E}"
EndProject
Project("{8BC9CEB8-8B4A-11D0-8D11-00A0C91BC942}") = "PP02", "PP02\PP02.vcxproj", "{6EE0C02D-34D8-40E7-BABC-4502F2B38D49}"
EndProject
Project("{8BC9CEB8-8B4A-11D0-8D11-00A0C91BC942}") = "PP03", "PP-3\PP-3.vcxproj", "{37EFED61-359B-4BA3-B2CD-D285D87F39B2}"
EndProject
Project("{8BC9CEB8-8B4A-11D0-8D11-00A0C91BC942}") = "PP04", "PP04\PP04.vcxproj", "{8A83B312-FF0F-4925-A761-F2E348CD0EF0}"
EndProject
Project("{8BC9CEB8-8B4A-11D0-8D11-00A0C91BC942}") = "PP05", "PP05\PP05.vcxproj", "{E8B86F0F-417A-4DD9-88D9-5F38C6FCCF9D}"
EndProject
Project("{8BC9CEB8-8B4A-11D0-8D11-00A0C91BC942}") = "PP06", "PP06\PP06.vcxproj", "{22D947AB-06DA-47C4-B054-F9D96EE2C67B}"
EndProject
Project("{8BC9CEB8-8B4A-11D0-8D11-00A0C91BC942}") = "PP08", "PP08\PP08.vcxproj", "{923AC36E-EE22-4EB6-8F4E-4989E09458B8}"
EndProject
Project("{8BC9CEB8-8B4A-11D0-8D11-00A0C91BC942}") = "PP11", "PP11\PP11.vcxproj", "{829229C8-E908-40DB-BF04-1CDCB597EA44}"
EndProject
Project("{8BC9CEB8-8B4A-11D0-8D11-00A0C91BC942}") = "PP07_OpenGL", "PP07_OpenGL\PP07_OpenGL.vcxproj", "{84E805E8-76C6-403E-B5AC-F8E7B39655C1}"
EndProject
Global
	GlobalSection(SolutionConfigurationPlatforms) = preSolution
		Debug|Any CPU = Debug|Any CPU
		Debug|x64 = Debug|x64
		Debug|x86 = Debug|x86
		Release|Any CPU = Release|Any CPU
		Release|x64 = Release|x64
		Release|x86 = Release|x86
	EndGlobalSection
	GlobalSection(ProjectConfigurationPlatforms) = postSolution
		{DFCC6D57-1BA1-47AF-92AA-2590761B694E}.Debug|Any CPU.ActiveCfg = Debug|x64
		{DFCC6D57-1BA1-47AF-92AA-2590761B694E}.Debug|Any CPU.Build.0 = Debug|x64
		{DFCC6D57-1BA1-47AF-92AA-2590761B694E}.Debug|x64.ActiveCfg = Debug|x64
		{DFCC6D57-1BA1-47AF-92AA-2590761B694E}.Debug|x64.Build.0 = Debug|x64
		{DFCC6D57-1BA1-47AF-92AA-2590761B694E}.Debug|x86.ActiveCfg = Debug|Win32
		{DFCC6D57-1BA1-47AF-92AA-2590761B694E}.Debug|x86.Build.0 = Debug|Win32
		{DFCC6D57-1BA1-47AF-92AA-2590761B694E}.Release|Any CPU.ActiveCfg = Release|x64
		{DFCC6D57-1BA1-47AF-92AA-2590761B694E}.Release|Any CPU.Build.0 = Release|x64
		{DFCC6D57-1BA1-47AF-92AA-2590761B694E}.Release|x64.ActiveCfg = Release|x64
		{DFCC6D57-1BA1-47AF-92AA-2590761B694E}.Release|x64.Build.0 = Release|x64
		{DFCC6D57-1BA1-47AF-92AA-2590761B694E}.Release|x86.ActiveCfg = Release|Win32
		{DFCC6D57-1BA1-47AF-92AA-2590761B694E}.Release|x86.Build.0 = Release|Win32
		{6EE0C02D-34D8-40E7-BABC-4502F2B38D49}.Debug|Any CPU.ActiveCfg = Debug|x64
		{6EE0C02D-34D8-40E7-BABC-4502F2B38D49}.Debug|Any CPU.Build.0 = Debug|x64
		{6EE0C02D-34D8-40E7-BABC-4502F2B38D49}.Debug|x64.ActiveCfg = Debug|x64
		{6EE0C02D-34D8-40E7-BABC-4502F2B38D49}.Debug|x64.Build.0 = Debug|x64
		{6EE0C02D-34D8-40E7-BABC-4502F2B38D49}.Debug|x86.ActiveCfg = Debug|Win32
		{6EE0C02D-34D8-40E7-BABC-4502F2B38D49}.Debug|x86.Build.0 = Debug|Win32
		{6EE0C02D-34D8-40E7-BABC-4502F2B38D49}.Release|Any CPU.ActiveCfg = Release|x64
		{6EE0C02D-34D8-40E7-BABC-4502F2B38D49}.Release|Any CPU.Build.0 = Release|x64
		{6EE0C02D-34D8-40E7-BABC-4502F2B38D49}.Release|x64.ActiveCfg = Release|x64
		{6EE0C02D-34D8-40E7-BABC-4502F2B38D49}.Release|x64.Build.0 = Release|x64
		{6EE0C02D-34D8-40E7-BABC-4502F2B38D49}.Release|x86.ActiveCfg = Release|Win32
		{6EE0C02D-34D8-40E7-BABC-4502F2B38D49}.Release|x86.Build.0 = Release|Win32
		{37EFED61-359B-4BA3-B2CD-D285D87F39B2}.Debug|Any CPU.ActiveCfg = Debug|x64
		{37EFED61-359B-4BA3-B2CD-D285D87F39B2}.Debug|Any CPU.Build.0 = Debug|x64
		{37EFED61-359B-4BA3-B2CD-D285D87F39B2}.Debug|x64.ActiveCfg = Debug|x64
		{37EFED61-359B-4BA3-B2CD-D285D87F39B2}.Debug|x64.Build.0 = Debug|x64
		{37EFED61-359B-4BA3-B2CD-D285D87F39B2}.Debug|x86.ActiveCfg = Debug|Win32
		{37EFED61-359B-4BA3-B2CD-D285D87F39B2}.Debug|x86.Build.0 = Debug|Win32
		{37EFED61-359B-4BA3-B2CD-D285D87F39B2}.Release|Any CPU.ActiveCfg = Release|x64
		{37EFED61-359B-4BA3-B2CD-D285D87F39B2}.Release|Any CPU.Build.0 = Release|x64
		{37EFED61-359B-4BA3-B2CD-D285D87F39B2}.Release|x64.ActiveCfg = Release|x64
		{37EFED61-359B-4BA3-B2CD-D285D87F39B2}.Release|x64.Build.0 = Release|x64
		{37EFED61-359B-4BA3-B2CD-D285D87F39B2}.Release|x86.ActiveCfg = Release|Win32
		{37EFED61-359B-4BA3-B2CD-D285D87F39B2}.Release|x86.Build.0 = Release|Win32
		{8A83B312-FF0F-4925-A761-F2E348CD0EF0}.Debug|Any CPU.ActiveCfg = Debug|x64
		{8A83B312-FF0F-4925-A761-F2E348CD0EF0}.Debug|Any CPU.Build.0 = Debug|x64
		{8A83B312-FF0F-4925-A761-F2E348CD0EF0}.Debug|x64.ActiveCfg = Debug|x64
		{8A83B312-FF0F-4925-A761-F2E348CD0EF0}.Debug|x64.Build.0 = Debug|x64
		{8A83B312-FF0F-4925-A761-F2E348CD0EF0}.Debug|x86.ActiveCfg = Debug|Win32
		{8A83B312-FF0F-4925-A761-F2E348CD0EF0}.Debug|x86.Build.0 = Debug|Win32
		{8A83B312-FF0F-4925-A761-F2E348CD0EF0}.Release|Any CPU.ActiveCfg = Release|x64
		{8A83B312-FF0F-4925-A761-F2E348CD0EF0}.Release|Any CPU.Build.0 = Release|x64
		{8A83B312-FF0F-4925-A761-F2E348CD0EF0}.Release|x64.ActiveCfg = Release|x64
		{8A83B312-FF0F-4925-A761-F2E348CD0EF0}.Release|x64.Build.0 = Release|x64
		{8A83B312-FF0F-4925-A761-F2E348CD0EF0}.Release|x86.ActiveCfg = Release|Win32
		{8A83B312-FF0F-4925-A761-F2E348CD0EF0}.Release|x86.Build.0 = Release|Win32
		{E8B86F0F-417A-4DD9-88D9-5F38C6FCCF9D}.Debug|Any CPU.ActiveCfg = Debug|x64
		{E8B86F0F-417A-4DD9-88D9-5F38C6FCCF9D}.Debug|Any CPU.Build.0 = Debug|x64
		{E8B86F0F-417A-4DD9-88D9-5F38C6FCCF9D}.Debug|x64.ActiveCfg = Debug|x64
		{E8B86F0F-417A-4DD9-88D9-5F38C6FCCF9D}.Debug|x64.Build.0 = Debug|x64
		{E8B86F0F-417A-4DD9-88D9-5F38C6FCCF9D}.Debug|x86.ActiveCfg = Debug|Win32
		{E8B86F0F-417A-4DD9-88D9-5F38C6FCCF9D}.Debug|x86.Build.0 = Debug|Win32
		{E8B86F0F-417A-4DD9-88D9-5F38C6FCCF9D}.Release|Any CPU.ActiveCfg = Release|x64
		{E8B86F0F-417A-4DD9-88D9-5F38C6FCCF9D}.Release|Any CPU.Build.0 = Release|x64
		{E8B86F0F-417A-4DD9-88D9-5F38C6FCCF9D}.Release|x64.ActiveCfg = Release|x64
		{E8B86F0F-417A-4DD9-88D9-5F38C6FCCF9D}.Release|x64.Build.0 = Release|x64
		{E8B86F0F-417A-4DD9-88D9-5F38C6FCCF9D}.Release|x86.ActiveCfg = Release|Win32
		{E8B86F0F-417A-4DD9-88D9-5F38C6FCCF9D}.Release|x86.Build.0 = Release|Win32
		{22D947AB-06DA-47C4-B054-F9D96EE2C67B}.Debug|Any CPU.ActiveCfg = Debug|x64
		{22D947AB-06DA-47C4-B054-F9D96EE2C67B}.Debug|Any CPU.Build.0 = Debug|x64
		{22D947AB-06DA-47C4-B054-F9D96EE2C67B}.Debug|x64.ActiveCfg = Debug|x64
		{22D947AB-06DA-47C4-B054-F9D96EE2C67B}.Debug|x64.Build.0 = Debug|x64
		{22D947AB-06DA-47C4-B054-F9D96EE2C67B}.Debug|x86.ActiveCfg = Debug|Win32
		{22D947AB-06DA-47C4-B054-F9D96EE2C67B}.Debug|x86.Build.0 = Debug|Win32
		{22D947AB-06DA-47C4-B054-F9D96EE2C67B}.Release|Any CPU.ActiveCfg = Release|x64
		{22D947AB-06DA-47C4-B054-F9D96EE2C67B}.Release|Any CPU.Build.0 = Release|x64
		{22D947AB-06DA-47C4-B054-F9D96EE2C67B}.Release|x64.ActiveCfg = Release|x64
		{22D947AB-06DA-47C4-B054-F9D96EE2C67B}.Release|x64.Build.0 = Release|x64
		{22D947AB-06DA-47C4-B054-F9D96EE2C67B}.Release|x86.ActiveCfg = Release|Win32
		{22D947AB-06DA-47C4-B054-F9D96EE2C67B}.Release|x86.Build.0 = Release|Win32
		{923AC36E-EE22-4EB6-8F4E-4989E09458B8}.Debug|Any CPU.ActiveCfg = Debug|x64
		{923AC36E-EE22-4EB6-8F4E-4989E09458B8}.Debug|Any CPU.Build.0 = Debug|x64
		{923AC36E-EE22-4EB6-8F4E-4989E09458B8}.Debug|x64.ActiveCfg = Debug|x64
		{923AC36E-EE22-4EB6-8F4E-4989E09458B8}.Debug|x64.Build.0 = Debug|x64
		{923AC36E-EE22-4EB6-8F4E-4989E09458B8}.Debug|x86.ActiveCfg = Debug|Win32
		{923AC36E-EE22-4EB6-8F4E-4989E09458B8}.Debug|x86.Build.0 = Debug|Win32
		{923AC36E-EE22-4EB6-8F4E-4989E09458B8}.Release|Any CPU.ActiveCfg = Release|x64
		{923AC36E-EE22-4EB6-8F4E-4989E09458B8}.Release|Any CPU.Build.0 = Release|x64
		{923AC36E-EE22-4EB6-8F4E-4989E09458B8}.Release|x64.ActiveCfg = Release|x64
		{923AC36E-EE22-4EB6-8F4E-4989E09458B8}.Release|x64.Build.0 = Release|x64
		{923AC36E-EE22-4EB6-8F4E-4989E09458B8}.Release|x86.ActiveCfg = Release|Win32
		{923AC36E-EE22-4EB6-8F4E-4989E09458B8}.Release|x86.Build.0 = Release|Win32
		{829229C8-E908-40DB-BF04-1CDCB597EA44}.Debug|Any CPU.ActiveCfg = Debug|x64
		{829229C8-E908-40DB-BF04-1CDCB597EA44}.Debug|Any CPU.Build.0 = Debug|x64
		{829229C8-E908-40DB-BF04-1CDCB597EA44}.Debug|x64.ActiveCfg = Debug|x64
		{829229C8-E908-40DB-BF04-1CDCB597EA44}.Debug|x64.Build.0 = Debug|x64
		{829229C8-E908-40DB-BF04-1CDCB597EA44}.Debug|x86.ActiveCfg = Debug|Win32
		{829229C8-E908-40DB-BF04-1CDCB597EA44}.Debug|x86.Build.0 = Debug|Win32
		{829229C8-E908-40DB-BF04-1CDCB597EA44}.Release|Any CPU.ActiveCfg = Release|x64
		{829229C8-E908-40DB-BF04-1CDCB597EA44}.Release|Any CPU.Build.0 = Release|x64
		{829229C8-E908-40DB-BF04-1CDCB597EA44}.Release|x64.ActiveCfg = Release|x64
		{829229C8-E908-40DB-BF04-1CDCB597EA44}.Release|x64.Build.0 = Release|x64
		{829229C8-E908-40DB-BF04-1CDCB597EA44}.Release|x86.ActiveCfg = Release|Win32
		{829229C8-E908-40DB-BF04-1CDCB597EA44}.Release|x86.Build.0 = Release|Win32
		{84E805E8-76C6-403E-B5AC-F8E7B39655C1}.Debug|Any CPU.ActiveCfg = Debug|x64
		{84E805E8-76C6-403E-B5AC-F8E7B39655C1}.Debug|Any CPU.Build.0 = Debug|x64
		{84E805E8-76C6-403E-B5AC-F8E7B39655C1}.Debug|x64.ActiveCfg = Debug|x64
		{84E805E8-76C6-403E-B5AC-F8E7B39655C1}.Debug|x64.Build.0 = Debug|x64
		{84E805E8-76C6-403E-B5AC-F8E7B39655C1}.Debug|x86.ActiveCfg = Debug|Win32
		{84E805E8-76C6-403E-B5AC-F8E7B39655C1}.Debug|x86.Build.0 = Debug|Win32
		{84E805E8-76C6-403E-B5AC-F8E7B39655C1}.Release|Any CPU.ActiveCfg = Release|x64
		{84E805E8-76C6-403E-B5AC-F8E7B39655C1}.Release|Any CPU.Build.0 = Release|x64
		{84E805E8-76C6-403E-B5AC-F8E7B39655C1}.Release|x64.ActiveCfg = Release|x64
		{84E805E8-76C6-403E-B5AC-F8E7B39655C1}.Release|x64.Build.0 = Release|x64
		{84E805E8-76C6-403E-B5AC-F8E7B39655C1}.Release|x86.ActiveCfg = Release|Win32
		{84E805E8-76C6-403E-B5AC-F8E7B39655C1}.Release|x86.Build.0 = Release|Win32
	EndGlobalSection
	GlobalSection(SolutionProperties) = preSolution
		HideSolutionNode = FALSE
	EndGlobalSection
	GlobalSection(ExtensibilityGlobals) = postSolution
		SolutionGuid = {41D9E4B7-086F-47D8-95AA-849DDFCC8D4A}
	EndGlobalSection
EndGlobal
