
Microsoft Visual Studio Solution File, Format Version 12.00
# Visual Studio Version 17
VisualStudioVersion = 17.1.32210.238
MinimumVisualStudioVersion = 10.0.40219.1
Project("{8BC9CEB8-8B4A-11D0-8D11-00A0C91BC942}") = "PP01", "PP01\PP01.vcxproj", "{DFCC6D57-1BA1-47AF-92AA-2590761B694E}"
EndProject
Project("{8BC9CEB8-8B4A-11D0-8D11-00A0C91BC942}") = "PP02", "PP02\PP02.vcxproj", "{6EE0C02D-34D8-40E7-BABC-4502F2B38D49}"
EndProject
Project("{8BC9CEB8-8B4A-11D0-8D11-00A0C91BC942}") = "PP03", "PP-3\PP-3.vcxproj", "{37EFED61-359B-4BA3-B2CD-D285D87F39B2}"
EndProject
Project("{8BC9CEB8-8B4A-11D0-8D11-00A0C91BC942}") = "PP04", "PP04\PP04.vcxproj", "{8A83B312-FF0F-4925-A761-F2E348CD0EF0}"
EndProject
Global
	GlobalSection(SolutionConfigurationPlatforms) = preSolution
		Debug|x64 = Debug|x64
		Debug|x86 = Debug|x86
		Release|x64 = Release|x64
		Release|x86 = Release|x86
	EndGlobalSection
	GlobalSection(ProjectConfigurationPlatforms) = postSolution
		{DFCC6D57-1BA1-47AF-92AA-2590761B694E}.Debug|x64.ActiveCfg = Debug|x64
		{DFCC6D57-1BA1-47AF-92AA-2590761B694E}.Debug|x64.Build.0 = Debug|x64
		{DFCC6D57-1BA1-47AF-92AA-2590761B694E}.Debug|x86.ActiveCfg = Debug|Win32
		{DFCC6D57-1BA1-47AF-92AA-2590761B694E}.Debug|x86.Build.0 = Debug|Win32
		{DFCC6D57-1BA1-47AF-92AA-2590761B694E}.Release|x64.ActiveCfg = Release|x64
		{DFCC6D57-1BA1-47AF-92AA-2590761B694E}.Release|x64.Build.0 = Release|x64
		{DFCC6D57-1BA1-47AF-92AA-2590761B694E}.Release|x86.ActiveCfg = Release|Win32
		{DFCC6D57-1BA1-47AF-92AA-2590761B694E}.Release|x86.Build.0 = Release|Win32
		{6EE0C02D-34D8-40E7-BABC-4502F2B38D49}.Debug|x64.ActiveCfg = Debug|x64
		{6EE0C02D-34D8-40E7-BABC-4502F2B38D49}.Debug|x64.Build.0 = Debug|x64
		{6EE0C02D-34D8-40E7-BABC-4502F2B38D49}.Debug|x86.ActiveCfg = Debug|Win32
		{6EE0C02D-34D8-40E7-BABC-4502F2B38D49}.Debug|x86.Build.0 = Debug|Win32
		{6EE0C02D-34D8-40E7-BABC-4502F2B38D49}.Release|x64.ActiveCfg = Release|x64
		{6EE0C02D-34D8-40E7-BABC-4502F2B38D49}.Release|x64.Build.0 = Release|x64
		{6EE0C02D-34D8-40E7-BABC-4502F2B38D49}.Release|x86.ActiveCfg = Release|Win32
		{6EE0C02D-34D8-40E7-BABC-4502F2B38D49}.Release|x86.Build.0 = Release|Win32
		{37EFED61-359B-4BA3-B2CD-D285D87F39B2}.Debug|x64.ActiveCfg = Debug|x64
		{37EFED61-359B-4BA3-B2CD-D285D87F39B2}.Debug|x64.Build.0 = Debug|x64
		{37EFED61-359B-4BA3-B2CD-D285D87F39B2}.Debug|x86.ActiveCfg = Debug|Win32
		{37EFED61-359B-4BA3-B2CD-D285D87F39B2}.Debug|x86.Build.0 = Debug|Win32
		{37EFED61-359B-4BA3-B2CD-D285D87F39B2}.Release|x64.ActiveCfg = Release|x64
		{37EFED61-359B-4BA3-B2CD-D285D87F39B2}.Release|x64.Build.0 = Release|x64
		{37EFED61-359B-4BA3-B2CD-D285D87F39B2}.Release|x86.ActiveCfg = Release|Win32
		{37EFED61-359B-4BA3-B2CD-D285D87F39B2}.Release|x86.Build.0 = Release|Win32
		{8A83B312-FF0F-4925-A761-F2E348CD0EF0}.Debug|x64.ActiveCfg = Debug|x64
		{8A83B312-FF0F-4925-A761-F2E348CD0EF0}.Debug|x64.Build.0 = Debug|x64
		{8A83B312-FF0F-4925-A761-F2E348CD0EF0}.Debug|x86.ActiveCfg = Debug|Win32
		{8A83B312-FF0F-4925-A761-F2E348CD0EF0}.Debug|x86.Build.0 = Debug|Win32
		{8A83B312-FF0F-4925-A761-F2E348CD0EF0}.Release|x64.ActiveCfg = Release|x64
		{8A83B312-FF0F-4925-A761-F2E348CD0EF0}.Release|x64.Build.0 = Release|x64
		{8A83B312-FF0F-4925-A761-F2E348CD0EF0}.Release|x86.ActiveCfg = Release|Win32
		{8A83B312-FF0F-4925-A761-F2E348CD0EF0}.Release|x86.Build.0 = Release|Win32
	EndGlobalSection
	GlobalSection(SolutionProperties) = preSolution
		HideSolutionNode = FALSE
	EndGlobalSection
	GlobalSection(ExtensibilityGlobals) = postSolution
		SolutionGuid = {41D9E4B7-086F-47D8-95AA-849DDFCC8D4A}
	EndGlobalSection
EndGlobal
